
Microsoft Visual Studio Solution File, Format Version 12.00
# Visual Studio 14
VisualStudioVersion = 14.0.25420.1
MinimumVisualStudioVersion = 10.0.40219.1
Project("{FAE04EC0-301F-11D3-BF4B-00C04F79EFBC}") = "DotNetWrapperGen", "DotNetWrapperGen.csproj", "{D1E3ABD4-B375-4DEF-9BD9-61F4D7E695C6}"
EndProject
Project("{FAE04EC0-301F-11D3-BF4B-00C04F79EFBC}") = "DotNetWrapperGen.Tests", "Tests\DotNetWrapperGen.Tests.csproj", "{0AB17D65-F67A-49EF-A1E9-761FC3260C0D}"
EndProject
Global
	GlobalSection(SolutionConfigurationPlatforms) = preSolution
		Debug|Any CPU = Debug|Any CPU
		Release|Any CPU = Release|Any CPU
	EndGlobalSection
	GlobalSection(ProjectConfigurationPlatforms) = postSolution
		{D1E3ABD4-B375-4DEF-9BD9-61F4D7E695C6}.Debug|Any CPU.ActiveCfg = Debug|Any CPU
		{D1E3ABD4-B375-4DEF-9BD9-61F4D7E695C6}.Debug|Any CPU.Build.0 = Debug|Any CPU
		{D1E3ABD4-B375-4DEF-9BD9-61F4D7E695C6}.Release|Any CPU.ActiveCfg = Release|Any CPU
		{D1E3ABD4-B375-4DEF-9BD9-61F4D7E695C6}.Release|Any CPU.Build.0 = Release|Any CPU
		{0AB17D65-F67A-49EF-A1E9-761FC3260C0D}.Debug|Any CPU.ActiveCfg = Debug|Any CPU
		{0AB17D65-F67A-49EF-A1E9-761FC3260C0D}.Debug|Any CPU.Build.0 = Debug|Any CPU
		{0AB17D65-F67A-49EF-A1E9-761FC3260C0D}.Release|Any CPU.ActiveCfg = Release|Any CPU
		{0AB17D65-F67A-49EF-A1E9-761FC3260C0D}.Release|Any CPU.Build.0 = Release|Any CPU
	EndGlobalSection
	GlobalSection(SolutionProperties) = preSolution
		HideSolutionNode = FALSE
	EndGlobalSection
EndGlobal
